// !$*UTF8*$!
{
	archiveVersion = 1;
	classes = {
	};
	objectVersion = 55;
	objects = {

/* Begin PBXBuildFile section */
		6C30465027FACE0700C8AD0B /* AppDelegate.swift in Sources */ = {isa = PBXBuildFile; fileRef = 6C30464F27FACE0700C8AD0B /* AppDelegate.swift */; };
		6C30465227FACE0700C8AD0B /* SceneDelegate.swift in Sources */ = {isa = PBXBuildFile; fileRef = 6C30465127FACE0700C8AD0B /* SceneDelegate.swift */; };
		6C30465427FACE0700C8AD0B /* ViewController.swift in Sources */ = {isa = PBXBuildFile; fileRef = 6C30465327FACE0700C8AD0B /* ViewController.swift */; };
		6C30465727FACE0700C8AD0B /* Main.storyboard in Resources */ = {isa = PBXBuildFile; fileRef = 6C30465527FACE0700C8AD0B /* Main.storyboard */; };
		6C30465927FACE0800C8AD0B /* Assets.xcassets in Resources */ = {isa = PBXBuildFile; fileRef = 6C30465827FACE0800C8AD0B /* Assets.xcassets */; };
		6C30465C27FACE0800C8AD0B /* LaunchScreen.storyboard in Resources */ = {isa = PBXBuildFile; fileRef = 6C30465A27FACE0800C8AD0B /* LaunchScreen.storyboard */; };
		6C30466727FACE0800C8AD0B /* DoteTests.swift in Sources */ = {isa = PBXBuildFile; fileRef = 6C30466627FACE0800C8AD0B /* DoteTests.swift */; };
		6C30467127FACE0800C8AD0B /* DoteUITests.swift in Sources */ = {isa = PBXBuildFile; fileRef = 6C30467027FACE0800C8AD0B /* DoteUITests.swift */; };
		6C30467327FACE0800C8AD0B /* DoteUITestsLaunchTests.swift in Sources */ = {isa = PBXBuildFile; fileRef = 6C30467227FACE0800C8AD0B /* DoteUITestsLaunchTests.swift */; };
/* End PBXBuildFile section */

/* Begin PBXContainerItemProxy section */
		6C30466327FACE0800C8AD0B /* PBXContainerItemProxy */ = {
			isa = PBXContainerItemProxy;
			containerPortal = 6C30464427FACE0700C8AD0B /* Project object */;
			proxyType = 1;
			remoteGlobalIDString = 6C30464B27FACE0700C8AD0B;
			remoteInfo = Dote;
		};
		6C30466D27FACE0800C8AD0B /* PBXContainerItemProxy */ = {
			isa = PBXContainerItemProxy;
			containerPortal = 6C30464427FACE0700C8AD0B /* Project object */;
			proxyType = 1;
			remoteGlobalIDString = 6C30464B27FACE0700C8AD0B;
			remoteInfo = Dote;
		};
/* End PBXContainerItemProxy section */

/* Begin PBXFileReference section */
		6C30464C27FACE0700C8AD0B /* Dote.app */ = {isa = PBXFileReference; explicitFileType = wrapper.application; includeInIndex = 0; path = Dote.app; sourceTree = BUILT_PRODUCTS_DIR; };
		6C30464F27FACE0700C8AD0B /* AppDelegate.swift */ = {isa = PBXFileReference; lastKnownFileType = sourcecode.swift; path = AppDelegate.swift; sourceTree = "<group>"; };
		6C30465127FACE0700C8AD0B /* SceneDelegate.swift */ = {isa = PBXFileReference; lastKnownFileType = sourcecode.swift; path = SceneDelegate.swift; sourceTree = "<group>"; };
		6C30465327FACE0700C8AD0B /* ViewController.swift */ = {isa = PBXFileReference; lastKnownFileType = sourcecode.swift; path = ViewController.swift; sourceTree = "<group>"; };
		6C30465627FACE0700C8AD0B /* Base */ = {isa = PBXFileReference; lastKnownFileType = file.storyboard; name = Base; path = Base.lproj/Main.storyboard; sourceTree = "<group>"; };
		6C30465827FACE0800C8AD0B /* Assets.xcassets */ = {isa = PBXFileReference; lastKnownFileType = folder.assetcatalog; path = Assets.xcassets; sourceTree = "<group>"; };
		6C30465B27FACE0800C8AD0B /* Base */ = {isa = PBXFileReference; lastKnownFileType = file.storyboard; name = Base; path = Base.lproj/LaunchScreen.storyboard; sourceTree = "<group>"; };
		6C30465D27FACE0800C8AD0B /* Info.plist */ = {isa = PBXFileReference; lastKnownFileType = text.plist.xml; path = Info.plist; sourceTree = "<group>"; };
		6C30466227FACE0800C8AD0B /* DoteTests.xctest */ = {isa = PBXFileReference; explicitFileType = wrapper.cfbundle; includeInIndex = 0; path = DoteTests.xctest; sourceTree = BUILT_PRODUCTS_DIR; };
		6C30466627FACE0800C8AD0B /* DoteTests.swift */ = {isa = PBXFileReference; lastKnownFileType = sourcecode.swift; path = DoteTests.swift; sourceTree = "<group>"; };
		6C30466C27FACE0800C8AD0B /* DoteUITests.xctest */ = {isa = PBXFileReference; explicitFileType = wrapper.cfbundle; includeInIndex = 0; path = DoteUITests.xctest; sourceTree = BUILT_PRODUCTS_DIR; };
		6C30467027FACE0800C8AD0B /* DoteUITests.swift */ = {isa = PBXFileReference; lastKnownFileType = sourcecode.swift; path = DoteUITests.swift; sourceTree = "<group>"; };
		6C30467227FACE0800C8AD0B /* DoteUITestsLaunchTests.swift */ = {isa = PBXFileReference; lastKnownFileType = sourcecode.swift; path = DoteUITestsLaunchTests.swift; sourceTree = "<group>"; };
/* End PBXFileReference section */

/* Begin PBXFrameworksBuildPhase section */
		6C30464927FACE0700C8AD0B /* Frameworks */ = {
			isa = PBXFrameworksBuildPhase;
			buildActionMask = 2147483647;
			files = (
			);
			runOnlyForDeploymentPostprocessing = 0;
		};
		6C30465F27FACE0800C8AD0B /* Frameworks */ = {
			isa = PBXFrameworksBuildPhase;
			buildActionMask = 2147483647;
			files = (
			);
			runOnlyForDeploymentPostprocessing = 0;
		};
		6C30466927FACE0800C8AD0B /* Frameworks */ = {
			isa = PBXFrameworksBuildPhase;
			buildActionMask = 2147483647;
			files = (
			);
			runOnlyForDeploymentPostprocessing = 0;
		};
/* End PBXFrameworksBuildPhase section */

/* Begin PBXGroup section */
		6C30464327FACE0700C8AD0B = {
			isa = PBXGroup;
			children = (
				6C30464E27FACE0700C8AD0B /* Dote */,
				6C30466527FACE0800C8AD0B /* DoteTests */,
				6C30466F27FACE0800C8AD0B /* DoteUITests */,
				6C30464D27FACE0700C8AD0B /* Products */,
			);
			sourceTree = "<group>";
		};
		6C30464D27FACE0700C8AD0B /* Products */ = {
			isa = PBXGroup;
			children = (
				6C30464C27FACE0700C8AD0B /* Dote.app */,
				6C30466227FACE0800C8AD0B /* DoteTests.xctest */,
				6C30466C27FACE0800C8AD0B /* DoteUITests.xctest */,
			);
			name = Products;
			sourceTree = "<group>";
		};
		6C30464E27FACE0700C8AD0B /* Dote */ = {
			isa = PBXGroup;
			children = (
				6C30464F27FACE0700C8AD0B /* AppDelegate.swift */,
				6C30465127FACE0700C8AD0B /* SceneDelegate.swift */,
				6C30465327FACE0700C8AD0B /* ViewController.swift */,
				6C30465527FACE0700C8AD0B /* Main.storyboard */,
				6C30465827FACE0800C8AD0B /* Assets.xcassets */,
				6C30465A27FACE0800C8AD0B /* LaunchScreen.storyboard */,
				6C30465D27FACE0800C8AD0B /* Info.plist */,
			);
			path = Dote;
			sourceTree = "<group>";
		};
		6C30466527FACE0800C8AD0B /* DoteTests */ = {
			isa = PBXGroup;
			children = (
				6C30466627FACE0800C8AD0B /* DoteTests.swift */,
			);
			path = DoteTests;
			sourceTree = "<group>";
		};
		6C30466F27FACE0800C8AD0B /* DoteUITests */ = {
			isa = PBXGroup;
			children = (
				6C30467027FACE0800C8AD0B /* DoteUITests.swift */,
				6C30467227FACE0800C8AD0B /* DoteUITestsLaunchTests.swift */,
			);
			path = DoteUITests;
			sourceTree = "<group>";
		};
/* End PBXGroup section */

/* Begin PBXNativeTarget section */
		6C30464B27FACE0700C8AD0B /* Dote */ = {
			isa = PBXNativeTarget;
			buildConfigurationList = 6C30467627FACE0800C8AD0B /* Build configuration list for PBXNativeTarget "Dote" */;
			buildPhases = (
				6C30464827FACE0700C8AD0B /* Sources */,
				6C30464927FACE0700C8AD0B /* Frameworks */,
				6C30464A27FACE0700C8AD0B /* Resources */,
			);
			buildRules = (
			);
			dependencies = (
			);
			name = Dote;
			productName = Dote;
			productReference = 6C30464C27FACE0700C8AD0B /* Dote.app */;
			productType = "com.apple.product-type.application";
		};
		6C30466127FACE0800C8AD0B /* DoteTests */ = {
			isa = PBXNativeTarget;
			buildConfigurationList = 6C30467927FACE0800C8AD0B /* Build configuration list for PBXNativeTarget "DoteTests" */;
			buildPhases = (
				6C30465E27FACE0800C8AD0B /* Sources */,
				6C30465F27FACE0800C8AD0B /* Frameworks */,
				6C30466027FACE0800C8AD0B /* Resources */,
			);
			buildRules = (
			);
			dependencies = (
				6C30466427FACE0800C8AD0B /* PBXTargetDependency */,
			);
			name = DoteTests;
			productName = DoteTests;
			productReference = 6C30466227FACE0800C8AD0B /* DoteTests.xctest */;
			productType = "com.apple.product-type.bundle.unit-test";
		};
		6C30466B27FACE0800C8AD0B /* DoteUITests */ = {
			isa = PBXNativeTarget;
			buildConfigurationList = 6C30467C27FACE0800C8AD0B /* Build configuration list for PBXNativeTarget "DoteUITests" */;
			buildPhases = (
				6C30466827FACE0800C8AD0B /* Sources */,
				6C30466927FACE0800C8AD0B /* Frameworks */,
				6C30466A27FACE0800C8AD0B /* Resources */,
			);
			buildRules = (
			);
			dependencies = (
				6C30466E27FACE0800C8AD0B /* PBXTargetDependency */,
			);
			name = DoteUITests;
			productName = DoteUITests;
			productReference = 6C30466C27FACE0800C8AD0B /* DoteUITests.xctest */;
			productType = "com.apple.product-type.bundle.ui-testing";
		};
/* End PBXNativeTarget section */

/* Begin PBXProject section */
		6C30464427FACE0700C8AD0B /* Project object */ = {
			isa = PBXProject;
			attributes = {
				BuildIndependentTargetsInParallel = 1;
				LastSwiftUpdateCheck = 1330;
				LastUpgradeCheck = 1330;
				TargetAttributes = {
					6C30464B27FACE0700C8AD0B = {
						CreatedOnToolsVersion = 13.3;
					};
					6C30466127FACE0800C8AD0B = {
						CreatedOnToolsVersion = 13.3;
						TestTargetID = 6C30464B27FACE0700C8AD0B;
					};
					6C30466B27FACE0800C8AD0B = {
						CreatedOnToolsVersion = 13.3;
						TestTargetID = 6C30464B27FACE0700C8AD0B;
					};
				};
			};
			buildConfigurationList = 6C30464727FACE0700C8AD0B /* Build configuration list for PBXProject "Dote" */;
			compatibilityVersion = "Xcode 13.0";
			developmentRegion = en;
			hasScannedForEncodings = 0;
			knownRegions = (
				en,
				Base,
			);
			mainGroup = 6C30464327FACE0700C8AD0B;
			productRefGroup = 6C30464D27FACE0700C8AD0B /* Products */;
			projectDirPath = "";
			projectRoot = "";
			targets = (
				6C30464B27FACE0700C8AD0B /* Dote */,
				6C30466127FACE0800C8AD0B /* DoteTests */,
				6C30466B27FACE0800C8AD0B /* DoteUITests */,
			);
		};
/* End PBXProject section */

/* Begin PBXResourcesBuildPhase section */
		6C30464A27FACE0700C8AD0B /* Resources */ = {
			isa = PBXResourcesBuildPhase;
			buildActionMask = 2147483647;
			files = (
				6C30465C27FACE0800C8AD0B /* LaunchScreen.storyboard in Resources */,
				6C30465927FACE0800C8AD0B /* Assets.xcassets in Resources */,
				6C30465727FACE0700C8AD0B /* Main.storyboard in Resources */,
			);
			runOnlyForDeploymentPostprocessing = 0;
		};
		6C30466027FACE0800C8AD0B /* Resources */ = {
			isa = PBXResourcesBuildPhase;
			buildActionMask = 2147483647;
			files = (
			);
			runOnlyForDeploymentPostprocessing = 0;
		};
		6C30466A27FACE0800C8AD0B /* Resources */ = {
			isa = PBXResourcesBuildPhase;
			buildActionMask = 2147483647;
			files = (
			);
			runOnlyForDeploymentPostprocessing = 0;
		};
/* End PBXResourcesBuildPhase section */

/* Begin PBXSourcesBuildPhase section */
		6C30464827FACE0700C8AD0B /* Sources */ = {
			isa = PBXSourcesBuildPhase;
			buildActionMask = 2147483647;
			files = (
				6C30465427FACE0700C8AD0B /* ViewController.swift in Sources */,
				6C30465027FACE0700C8AD0B /* AppDelegate.swift in Sources */,
				6C30465227FACE0700C8AD0B /* SceneDelegate.swift in Sources */,
			);
			runOnlyForDeploymentPostprocessing = 0;
		};
		6C30465E27FACE0800C8AD0B /* Sources */ = {
			isa = PBXSourcesBuildPhase;
			buildActionMask = 2147483647;
			files = (
				6C30466727FACE0800C8AD0B /* DoteTests.swift in Sources */,
			);
			runOnlyForDeploymentPostprocessing = 0;
		};
		6C30466827FACE0800C8AD0B /* Sources */ = {
			isa = PBXSourcesBuildPhase;
			buildActionMask = 2147483647;
			files = (
				6C30467327FACE0800C8AD0B /* DoteUITestsLaunchTests.swift in Sources */,
				6C30467127FACE0800C8AD0B /* DoteUITests.swift in Sources */,
			);
			runOnlyForDeploymentPostprocessing = 0;
		};
/* End PBXSourcesBuildPhase section */

/* Begin PBXTargetDependency section */
		6C30466427FACE0800C8AD0B /* PBXTargetDependency */ = {
			isa = PBXTargetDependency;
			target = 6C30464B27FACE0700C8AD0B /* Dote */;
			targetProxy = 6C30466327FACE0800C8AD0B /* PBXContainerItemProxy */;
		};
		6C30466E27FACE0800C8AD0B /* PBXTargetDependency */ = {
			isa = PBXTargetDependency;
			target = 6C30464B27FACE0700C8AD0B /* Dote */;
			targetProxy = 6C30466D27FACE0800C8AD0B /* PBXContainerItemProxy */;
		};
/* End PBXTargetDependency section */

/* Begin PBXVariantGroup section */
		6C30465527FACE0700C8AD0B /* Main.storyboard */ = {
			isa = PBXVariantGroup;
			children = (
				6C30465627FACE0700C8AD0B /* Base */,
			);
			name = Main.storyboard;
			sourceTree = "<group>";
		};
		6C30465A27FACE0800C8AD0B /* LaunchScreen.storyboard */ = {
			isa = PBXVariantGroup;
			children = (
				6C30465B27FACE0800C8AD0B /* Base */,
			);
			name = LaunchScreen.storyboard;
			sourceTree = "<group>";
		};
/* End PBXVariantGroup section */

/* Begin XCBuildConfiguration section */
		6C30467427FACE0800C8AD0B /* Debug */ = {
			isa = XCBuildConfiguration;
			buildSettings = {
				ALWAYS_SEARCH_USER_PATHS = NO;
				ASSETCATALOG_COMPILER_APPICON_NAME = "AppIcon${BUNDLE_ID_SUFFIX}";
				BUNDLE_ID_SUFFIX = .DoteDev;
				CLANG_ANALYZER_NONNULL = YES;
				CLANG_ANALYZER_NUMBER_OBJECT_CONVERSION = YES_AGGRESSIVE;
				CLANG_CXX_LANGUAGE_STANDARD = "gnu++17";
				CLANG_ENABLE_MODULES = YES;
				CLANG_ENABLE_OBJC_ARC = YES;
				CLANG_ENABLE_OBJC_WEAK = YES;
				CLANG_WARN_BLOCK_CAPTURE_AUTORELEASING = YES;
				CLANG_WARN_BOOL_CONVERSION = YES;
				CLANG_WARN_COMMA = YES;
				CLANG_WARN_CONSTANT_CONVERSION = YES;
				CLANG_WARN_DEPRECATED_OBJC_IMPLEMENTATIONS = YES;
				CLANG_WARN_DIRECT_OBJC_ISA_USAGE = YES_ERROR;
				CLANG_WARN_DOCUMENTATION_COMMENTS = YES;
				CLANG_WARN_EMPTY_BODY = YES;
				CLANG_WARN_ENUM_CONVERSION = YES;
				CLANG_WARN_INFINITE_RECURSION = YES;
				CLANG_WARN_INT_CONVERSION = YES;
				CLANG_WARN_NON_LITERAL_NULL_CONVERSION = YES;
				CLANG_WARN_OBJC_IMPLICIT_RETAIN_SELF = YES;
				CLANG_WARN_OBJC_LITERAL_CONVERSION = YES;
				CLANG_WARN_OBJC_ROOT_CLASS = YES_ERROR;
				CLANG_WARN_QUOTED_INCLUDE_IN_FRAMEWORK_HEADER = YES;
				CLANG_WARN_RANGE_LOOP_ANALYSIS = YES;
				CLANG_WARN_STRICT_PROTOTYPES = YES;
				CLANG_WARN_SUSPICIOUS_MOVE = YES;
				CLANG_WARN_UNGUARDED_AVAILABILITY = YES_AGGRESSIVE;
				CLANG_WARN_UNREACHABLE_CODE = YES;
				CLANG_WARN__DUPLICATE_METHOD_MATCH = YES;
				COPY_PHASE_STRIP = NO;
				DEBUG_INFORMATION_FORMAT = dwarf;
				ENABLE_STRICT_OBJC_MSGSEND = YES;
				ENABLE_TESTABILITY = YES;
				GCC_C_LANGUAGE_STANDARD = gnu11;
				GCC_DYNAMIC_NO_PIC = NO;
				GCC_NO_COMMON_BLOCKS = YES;
				GCC_OPTIMIZATION_LEVEL = 0;
				GCC_PREPROCESSOR_DEFINITIONS = (
					"DEBUG=1",
					"$(inherited)",
				);
				GCC_WARN_64_TO_32_BIT_CONVERSION = YES;
				GCC_WARN_ABOUT_RETURN_TYPE = YES_ERROR;
				GCC_WARN_UNDECLARED_SELECTOR = YES;
				GCC_WARN_UNINITIALIZED_AUTOS = YES_AGGRESSIVE;
				GCC_WARN_UNUSED_FUNCTION = YES;
				GCC_WARN_UNUSED_VARIABLE = YES;
				IPHONEOS_DEPLOYMENT_TARGET = 15.1;
				MTL_ENABLE_DEBUG_INFO = INCLUDE_SOURCE;
				MTL_FAST_MATH = YES;
				ONLY_ACTIVE_ARCH = YES;
				PRODUCT_BUNDLE_IDENTIFIER = "com.dote${BUNDLE_ID_SUFFIX}";
				PRODUCT_NAME = "${TARGET_NAME}_Dev";
				SDKROOT = iphoneos;
				SWIFT_ACTIVE_COMPILATION_CONDITIONS = DEBUG;
				SWIFT_OPTIMIZATION_LEVEL = "-Onone";
			};
			name = Debug;
		};
		6C30467527FACE0800C8AD0B /* Release */ = {
			isa = XCBuildConfiguration;
			buildSettings = {
				ALWAYS_SEARCH_USER_PATHS = NO;
				ASSETCATALOG_COMPILER_APPICON_NAME = AppIcon;
				BUNDLE_ID_SUFFIX = .Dote;
				CLANG_ANALYZER_NONNULL = YES;
				CLANG_ANALYZER_NUMBER_OBJECT_CONVERSION = YES_AGGRESSIVE;
				CLANG_CXX_LANGUAGE_STANDARD = "gnu++17";
				CLANG_ENABLE_MODULES = YES;
				CLANG_ENABLE_OBJC_ARC = YES;
				CLANG_ENABLE_OBJC_WEAK = YES;
				CLANG_WARN_BLOCK_CAPTURE_AUTORELEASING = YES;
				CLANG_WARN_BOOL_CONVERSION = YES;
				CLANG_WARN_COMMA = YES;
				CLANG_WARN_CONSTANT_CONVERSION = YES;
				CLANG_WARN_DEPRECATED_OBJC_IMPLEMENTATIONS = YES;
				CLANG_WARN_DIRECT_OBJC_ISA_USAGE = YES_ERROR;
				CLANG_WARN_DOCUMENTATION_COMMENTS = YES;
				CLANG_WARN_EMPTY_BODY = YES;
				CLANG_WARN_ENUM_CONVERSION = YES;
				CLANG_WARN_INFINITE_RECURSION = YES;
				CLANG_WARN_INT_CONVERSION = YES;
				CLANG_WARN_NON_LITERAL_NULL_CONVERSION = YES;
				CLANG_WARN_OBJC_IMPLICIT_RETAIN_SELF = YES;
				CLANG_WARN_OBJC_LITERAL_CONVERSION = YES;
				CLANG_WARN_OBJC_ROOT_CLASS = YES_ERROR;
				CLANG_WARN_QUOTED_INCLUDE_IN_FRAMEWORK_HEADER = YES;
				CLANG_WARN_RANGE_LOOP_ANALYSIS = YES;
				CLANG_WARN_STRICT_PROTOTYPES = YES;
				CLANG_WARN_SUSPICIOUS_MOVE = YES;
				CLANG_WARN_UNGUARDED_AVAILABILITY = YES_AGGRESSIVE;
				CLANG_WARN_UNREACHABLE_CODE = YES;
				CLANG_WARN__DUPLICATE_METHOD_MATCH = YES;
				COPY_PHASE_STRIP = NO;
				DEBUG_INFORMATION_FORMAT = "dwarf-with-dsym";
				ENABLE_NS_ASSERTIONS = NO;
				ENABLE_STRICT_OBJC_MSGSEND = YES;
				GCC_C_LANGUAGE_STANDARD = gnu11;
				GCC_NO_COMMON_BLOCKS = YES;
				GCC_WARN_64_TO_32_BIT_CONVERSION = YES;
				GCC_WARN_ABOUT_RETURN_TYPE = YES_ERROR;
				GCC_WARN_UNDECLARED_SELECTOR = YES;
				GCC_WARN_UNINITIALIZED_AUTOS = YES_AGGRESSIVE;
				GCC_WARN_UNUSED_FUNCTION = YES;
				GCC_WARN_UNUSED_VARIABLE = YES;
				IPHONEOS_DEPLOYMENT_TARGET = 15.1;
				MTL_ENABLE_DEBUG_INFO = NO;
				MTL_FAST_MATH = YES;
				PRODUCT_BUNDLE_IDENTIFIER = "com.dote${BUNDLE_ID_SUFFIX}";
				PRODUCT_NAME = "${TARGET_NAME}";
				SDKROOT = iphoneos;
				SWIFT_COMPILATION_MODE = wholemodule;
				SWIFT_OPTIMIZATION_LEVEL = "-O";
				VALIDATE_PRODUCT = YES;
			};
			name = Release;
		};
		6C30467727FACE0800C8AD0B /* Debug */ = {
			isa = XCBuildConfiguration;
			buildSettings = {
				ASSETCATALOG_COMPILER_APPICON_NAME = AppIcon;
				ASSETCATALOG_COMPILER_GLOBAL_ACCENT_COLOR_NAME = AccentColor;
				CODE_SIGN_STYLE = Automatic;
				CURRENT_PROJECT_VERSION = 1;
				DEVELOPMENT_TEAM = L56LNTR7PZ;
				GENERATE_INFOPLIST_FILE = YES;
				INFOPLIST_FILE = Dote/Info.plist;
				INFOPLIST_KEY_CFBundleDisplayName = "도트";
				INFOPLIST_KEY_UIApplicationSupportsIndirectInputEvents = YES;
				INFOPLIST_KEY_UILaunchStoryboardName = LaunchScreen;
				INFOPLIST_KEY_UIMainStoryboardFile = Main;
				INFOPLIST_KEY_UISupportedInterfaceOrientations_iPad = "UIInterfaceOrientationPortrait UIInterfaceOrientationPortraitUpsideDown UIInterfaceOrientationLandscapeLeft UIInterfaceOrientationLandscapeRight";
				INFOPLIST_KEY_UISupportedInterfaceOrientations_iPhone = "UIInterfaceOrientationPortrait UIInterfaceOrientationLandscapeLeft UIInterfaceOrientationLandscapeRight";
				LD_RUNPATH_SEARCH_PATHS = (
					"$(inherited)",
					"@executable_path/Frameworks",
				);
				MARKETING_VERSION = 1.0;
				PRODUCT_BUNDLE_IDENTIFIER = com.study.Dote;
				PRODUCT_NAME = "$(TARGET_NAME)";
				SWIFT_EMIT_LOC_STRINGS = YES;
				SWIFT_VERSION = 5.0;
				TARGETED_DEVICE_FAMILY = "1,2";
			};
			name = Debug;
		};
		6C30467827FACE0800C8AD0B /* Release */ = {
			isa = XCBuildConfiguration;
			buildSettings = {
				ASSETCATALOG_COMPILER_APPICON_NAME = AppIcon;
				ASSETCATALOG_COMPILER_GLOBAL_ACCENT_COLOR_NAME = AccentColor;
				CODE_SIGN_STYLE = Automatic;
				CURRENT_PROJECT_VERSION = 1;
				DEVELOPMENT_TEAM = L56LNTR7PZ;
				GENERATE_INFOPLIST_FILE = YES;
				INFOPLIST_FILE = Dote/Info.plist;
				INFOPLIST_KEY_CFBundleDisplayName = "도트";
				INFOPLIST_KEY_UIApplicationSupportsIndirectInputEvents = YES;
				INFOPLIST_KEY_UILaunchStoryboardName = LaunchScreen;
				INFOPLIST_KEY_UIMainStoryboardFile = Main;
				INFOPLIST_KEY_UISupportedInterfaceOrientations_iPad = "UIInterfaceOrientationPortrait UIInterfaceOrientationPortraitUpsideDown UIInterfaceOrientationLandscapeLeft UIInterfaceOrientationLandscapeRight";
				INFOPLIST_KEY_UISupportedInterfaceOrientations_iPhone = "UIInterfaceOrientationPortrait UIInterfaceOrientationLandscapeLeft UIInterfaceOrientationLandscapeRight";
				LD_RUNPATH_SEARCH_PATHS = (
					"$(inherited)",
					"@executable_path/Frameworks",
				);
				MARKETING_VERSION = 1.0;
				PRODUCT_BUNDLE_IDENTIFIER = com.study.Dote;
				PRODUCT_NAME = "$(TARGET_NAME)";
				SWIFT_EMIT_LOC_STRINGS = YES;
				SWIFT_VERSION = 5.0;
				TARGETED_DEVICE_FAMILY = "1,2";
			};
			name = Release;
		};
		6C30467A27FACE0800C8AD0B /* Debug */ = {
			isa = XCBuildConfiguration;
			buildSettings = {
				ALWAYS_EMBED_SWIFT_STANDARD_LIBRARIES = YES;
				BUNDLE_LOADER = "$(TEST_HOST)";
				CODE_SIGN_STYLE = Automatic;
				CURRENT_PROJECT_VERSION = 1;
				DEVELOPMENT_TEAM = L56LNTR7PZ;
				GENERATE_INFOPLIST_FILE = YES;
				IPHONEOS_DEPLOYMENT_TARGET = 15.4;
				MARKETING_VERSION = 1.0;
				PRODUCT_BUNDLE_IDENTIFIER = com.study.DoteTests;
				PRODUCT_NAME = "$(TARGET_NAME)";
				SWIFT_EMIT_LOC_STRINGS = NO;
				SWIFT_VERSION = 5.0;
				TARGETED_DEVICE_FAMILY = "1,2";
				TEST_HOST = "$(BUILT_PRODUCTS_DIR)/Dote.app/Dote";
			};
			name = Debug;
		};
		6C30467B27FACE0800C8AD0B /* Release */ = {
			isa = XCBuildConfiguration;
			buildSettings = {
				ALWAYS_EMBED_SWIFT_STANDARD_LIBRARIES = YES;
				BUNDLE_LOADER = "$(TEST_HOST)";
				CODE_SIGN_STYLE = Automatic;
				CURRENT_PROJECT_VERSION = 1;
				DEVELOPMENT_TEAM = L56LNTR7PZ;
				GENERATE_INFOPLIST_FILE = YES;
				IPHONEOS_DEPLOYMENT_TARGET = 15.4;
				MARKETING_VERSION = 1.0;
				PRODUCT_BUNDLE_IDENTIFIER = com.study.DoteTests;
				PRODUCT_NAME = "$(TARGET_NAME)";
				SWIFT_EMIT_LOC_STRINGS = NO;
				SWIFT_VERSION = 5.0;
				TARGETED_DEVICE_FAMILY = "1,2";
				TEST_HOST = "$(BUILT_PRODUCTS_DIR)/Dote.app/Dote";
			};
			name = Release;
		};
		6C30467D27FACE0800C8AD0B /* Debug */ = {
			isa = XCBuildConfiguration;
			buildSettings = {
				ALWAYS_EMBED_SWIFT_STANDARD_LIBRARIES = YES;
				CODE_SIGN_STYLE = Automatic;
				CURRENT_PROJECT_VERSION = 1;
				DEVELOPMENT_TEAM = L56LNTR7PZ;
				GENERATE_INFOPLIST_FILE = YES;
				MARKETING_VERSION = 1.0;
				PRODUCT_BUNDLE_IDENTIFIER = com.study.DoteUITests;
				PRODUCT_NAME = "$(TARGET_NAME)";
				SWIFT_EMIT_LOC_STRINGS = NO;
				SWIFT_VERSION = 5.0;
				TARGETED_DEVICE_FAMILY = "1,2";
				TEST_TARGET_NAME = Dote;
			};
			name = Debug;
		};
		6C30467E27FACE0800C8AD0B /* Release */ = {
			isa = XCBuildConfiguration;
			buildSettings = {
				ALWAYS_EMBED_SWIFT_STANDARD_LIBRARIES = YES;
				CODE_SIGN_STYLE = Automatic;
				CURRENT_PROJECT_VERSION = 1;
				DEVELOPMENT_TEAM = L56LNTR7PZ;
				GENERATE_INFOPLIST_FILE = YES;
				MARKETING_VERSION = 1.0;
				PRODUCT_BUNDLE_IDENTIFIER = com.study.DoteUITests;
				PRODUCT_NAME = "$(TARGET_NAME)";
				SWIFT_EMIT_LOC_STRINGS = NO;
				SWIFT_VERSION = 5.0;
				TARGETED_DEVICE_FAMILY = "1,2";
				TEST_TARGET_NAME = Dote;
			};
			name = Release;
		};
		6C30467F27FACF8000C8AD0B /* Stage */ = {
			isa = XCBuildConfiguration;
			buildSettings = {
				ALWAYS_SEARCH_USER_PATHS = NO;
				ASSETCATALOG_COMPILER_APPICON_NAME = "AppIcon${BUNDLE_ID_SUFFIX}";
				BUNDLE_ID_SUFFIX = .DoteDev;
				CLANG_ANALYZER_NONNULL = YES;
				CLANG_ANALYZER_NUMBER_OBJECT_CONVERSION = YES_AGGRESSIVE;
				CLANG_CXX_LANGUAGE_STANDARD = "gnu++17";
				CLANG_ENABLE_MODULES = YES;
				CLANG_ENABLE_OBJC_ARC = YES;
				CLANG_ENABLE_OBJC_WEAK = YES;
				CLANG_WARN_BLOCK_CAPTURE_AUTORELEASING = YES;
				CLANG_WARN_BOOL_CONVERSION = YES;
				CLANG_WARN_COMMA = YES;
				CLANG_WARN_CONSTANT_CONVERSION = YES;
				CLANG_WARN_DEPRECATED_OBJC_IMPLEMENTATIONS = YES;
				CLANG_WARN_DIRECT_OBJC_ISA_USAGE = YES_ERROR;
				CLANG_WARN_DOCUMENTATION_COMMENTS = YES;
				CLANG_WARN_EMPTY_BODY = YES;
				CLANG_WARN_ENUM_CONVERSION = YES;
				CLANG_WARN_INFINITE_RECURSION = YES;
				CLANG_WARN_INT_CONVERSION = YES;
				CLANG_WARN_NON_LITERAL_NULL_CONVERSION = YES;
				CLANG_WARN_OBJC_IMPLICIT_RETAIN_SELF = YES;
				CLANG_WARN_OBJC_LITERAL_CONVERSION = YES;
				CLANG_WARN_OBJC_ROOT_CLASS = YES_ERROR;
				CLANG_WARN_QUOTED_INCLUDE_IN_FRAMEWORK_HEADER = YES;
				CLANG_WARN_RANGE_LOOP_ANALYSIS = YES;
				CLANG_WARN_STRICT_PROTOTYPES = YES;
				CLANG_WARN_SUSPICIOUS_MOVE = YES;
				CLANG_WARN_UNGUARDED_AVAILABILITY = YES_AGGRESSIVE;
				CLANG_WARN_UNREACHABLE_CODE = YES;
				CLANG_WARN__DUPLICATE_METHOD_MATCH = YES;
				COPY_PHASE_STRIP = NO;
				DEBUG_INFORMATION_FORMAT = dwarf;
				ENABLE_STRICT_OBJC_MSGSEND = YES;
				ENABLE_TESTABILITY = YES;
				GCC_C_LANGUAGE_STANDARD = gnu11;
				GCC_DYNAMIC_NO_PIC = NO;
				GCC_NO_COMMON_BLOCKS = YES;
				GCC_OPTIMIZATION_LEVEL = 0;
				GCC_PREPROCESSOR_DEFINITIONS = (
					"DEBUG=1",
					"$(inherited)",
				);
				GCC_WARN_64_TO_32_BIT_CONVERSION = YES;
				GCC_WARN_ABOUT_RETURN_TYPE = YES_ERROR;
				GCC_WARN_UNDECLARED_SELECTOR = YES;
				GCC_WARN_UNINITIALIZED_AUTOS = YES_AGGRESSIVE;
				GCC_WARN_UNUSED_FUNCTION = YES;
				GCC_WARN_UNUSED_VARIABLE = YES;
				IPHONEOS_DEPLOYMENT_TARGET = 15.1;
				MTL_ENABLE_DEBUG_INFO = INCLUDE_SOURCE;
				MTL_FAST_MATH = YES;
				ONLY_ACTIVE_ARCH = YES;
				PRODUCT_BUNDLE_IDENTIFIER = "com.dote${BUNDLE_ID_SUFFIX}";
				PRODUCT_NAME = "${TARGET_NAME}_Dev";
				SDKROOT = iphoneos;
				SWIFT_ACTIVE_COMPILATION_CONDITIONS = DEBUG;
				SWIFT_OPTIMIZATION_LEVEL = "-Onone";
			};
			name = Stage;
		};
		6C30468027FACF8000C8AD0B /* Stage */ = {
			isa = XCBuildConfiguration;
			buildSettings = {
				ASSETCATALOG_COMPILER_APPICON_NAME = AppIcon;
				ASSETCATALOG_COMPILER_GLOBAL_ACCENT_COLOR_NAME = AccentColor;
				CODE_SIGN_STYLE = Automatic;
				CURRENT_PROJECT_VERSION = 1;
				DEVELOPMENT_TEAM = L56LNTR7PZ;
				GENERATE_INFOPLIST_FILE = YES;
				INFOPLIST_FILE = Dote/Info.plist;
				INFOPLIST_KEY_CFBundleDisplayName = "도트";
				INFOPLIST_KEY_UIApplicationSupportsIndirectInputEvents = YES;
				INFOPLIST_KEY_UILaunchStoryboardName = LaunchScreen;
				INFOPLIST_KEY_UIMainStoryboardFile = Main;
				INFOPLIST_KEY_UISupportedInterfaceOrientations_iPad = "UIInterfaceOrientationPortrait UIInterfaceOrientationPortraitUpsideDown UIInterfaceOrientationLandscapeLeft UIInterfaceOrientationLandscapeRight";
				INFOPLIST_KEY_UISupportedInterfaceOrientations_iPhone = "UIInterfaceOrientationPortrait UIInterfaceOrientationLandscapeLeft UIInterfaceOrientationLandscapeRight";
				LD_RUNPATH_SEARCH_PATHS = (
					"$(inherited)",
					"@executable_path/Frameworks",
				);
				MARKETING_VERSION = 1.0;
				PRODUCT_BUNDLE_IDENTIFIER = com.study.Dote;
				PRODUCT_NAME = "$(TARGET_NAME)";
				SWIFT_EMIT_LOC_STRINGS = YES;
				SWIFT_VERSION = 5.0;
				TARGETED_DEVICE_FAMILY = "1,2";
			};
			name = Stage;
		};
		6C30468127FACF8000C8AD0B /* Stage */ = {
			isa = XCBuildConfiguration;
			buildSettings = {
				ALWAYS_EMBED_SWIFT_STANDARD_LIBRARIES = YES;
				BUNDLE_LOADER = "$(TEST_HOST)";
				CODE_SIGN_STYLE = Automatic;
				CURRENT_PROJECT_VERSION = 1;
				DEVELOPMENT_TEAM = L56LNTR7PZ;
				GENERATE_INFOPLIST_FILE = YES;
				IPHONEOS_DEPLOYMENT_TARGET = 15.4;
				MARKETING_VERSION = 1.0;
				PRODUCT_BUNDLE_IDENTIFIER = com.study.DoteTests;
				PRODUCT_NAME = "$(TARGET_NAME)";
				SWIFT_EMIT_LOC_STRINGS = NO;
				SWIFT_VERSION = 5.0;
				TARGETED_DEVICE_FAMILY = "1,2";
				TEST_HOST = "$(BUILT_PRODUCTS_DIR)/Dote.app/Dote";
			};
			name = Stage;
		};
		6C30468227FACF8000C8AD0B /* Stage */ = {
			isa = XCBuildConfiguration;
			buildSettings = {
				ALWAYS_EMBED_SWIFT_STANDARD_LIBRARIES = YES;
				CODE_SIGN_STYLE = Automatic;
				CURRENT_PROJECT_VERSION = 1;
				DEVELOPMENT_TEAM = L56LNTR7PZ;
				GENERATE_INFOPLIST_FILE = YES;
				MARKETING_VERSION = 1.0;
				PRODUCT_BUNDLE_IDENTIFIER = com.study.DoteUITests;
				PRODUCT_NAME = "$(TARGET_NAME)";
				SWIFT_EMIT_LOC_STRINGS = NO;
				SWIFT_VERSION = 5.0;
				TARGETED_DEVICE_FAMILY = "1,2";
				TEST_TARGET_NAME = Dote;
			};
			name = Stage;
		};
/* End XCBuildConfiguration section */

/* Begin XCConfigurationList section */
		6C30464727FACE0700C8AD0B /* Build configuration list for PBXProject "Dote" */ = {
			isa = XCConfigurationList;
			buildConfigurations = (
				6C30467427FACE0800C8AD0B /* Debug */,
				6C30467F27FACF8000C8AD0B /* Stage */,
				6C30467527FACE0800C8AD0B /* Release */,
			);
			defaultConfigurationIsVisible = 0;
			defaultConfigurationName = Release;
		};
		6C30467627FACE0800C8AD0B /* Build configuration list for PBXNativeTarget "Dote" */ = {
			isa = XCConfigurationList;
			buildConfigurations = (
				6C30467727FACE0800C8AD0B /* Debug */,
				6C30468027FACF8000C8AD0B /* Stage */,
				6C30467827FACE0800C8AD0B /* Release */,
			);
			defaultConfigurationIsVisible = 0;
			defaultConfigurationName = Release;
		};
		6C30467927FACE0800C8AD0B /* Build configuration list for PBXNativeTarget "DoteTests" */ = {
			isa = XCConfigurationList;
			buildConfigurations = (
				6C30467A27FACE0800C8AD0B /* Debug */,
				6C30468127FACF8000C8AD0B /* Stage */,
				6C30467B27FACE0800C8AD0B /* Release */,
			);
			defaultConfigurationIsVisible = 0;
			defaultConfigurationName = Release;
		};
		6C30467C27FACE0800C8AD0B /* Build configuration list for PBXNativeTarget "DoteUITests" */ = {
			isa = XCConfigurationList;
			buildConfigurations = (
				6C30467D27FACE0800C8AD0B /* Debug */,
				6C30468227FACF8000C8AD0B /* Stage */,
				6C30467E27FACE0800C8AD0B /* Release */,
			);
			defaultConfigurationIsVisible = 0;
			defaultConfigurationName = Release;
		};
/* End XCConfigurationList section */
	};
	rootObject = 6C30464427FACE0700C8AD0B /* Project object */;
}
